
Microsoft Visual Studio Solution File, Format Version 12.00
# Visual Studio Version 16
VisualStudioVersion = 16.0.29424.173
MinimumVisualStudioVersion = 10.0.40219.1
Project("{2150E333-8FDC-42A3-9474-1A3956D46DE8}") = "Docs", "Docs", "{1ED6751E-D06A-4860-88E5-51DD313EEAE4}"
	ProjectSection(SolutionItems) = preProject
		Doc\easygrammar.txt = Doc\easygrammar.txt
		Doc\grammar.txt = Doc\grammar.txt
		Doc\README.txt = Doc\README.txt
	EndProjectSection
EndProject
Project("{9A19103F-16F7-4668-BE54-9A1E7A4F7556}") = "KntScript", "KntScript\KntScript.csproj", "{EF254BFB-BC84-4696-B784-1A8F17EEE24A}"
EndProject
Project("{9A19103F-16F7-4668-BE54-9A1E7A4F7556}") = "KntScriptAppHost", "KntScriptAppHost\KntScriptAppHost.csproj", "{EE392CDE-C384-4315-B7D6-FCD6562B8585}"
EndProject
Global
	GlobalSection(SolutionConfigurationPlatforms) = preSolution
		Debug|Any CPU = Debug|Any CPU
		Debug|Mixed Platforms = Debug|Mixed Platforms
		Debug|x86 = Debug|x86
		Release|Any CPU = Release|Any CPU
		Release|Mixed Platforms = Release|Mixed Platforms
		Release|x86 = Release|x86
	EndGlobalSection
	GlobalSection(ProjectConfigurationPlatforms) = postSolution
		{EF254BFB-BC84-4696-B784-1A8F17EEE24A}.Debug|Any CPU.ActiveCfg = Debug|Any CPU
		{EF254BFB-BC84-4696-B784-1A8F17EEE24A}.Debug|Any CPU.Build.0 = Debug|Any CPU
		{EF254BFB-BC84-4696-B784-1A8F17EEE24A}.Debug|Mixed Platforms.ActiveCfg = Debug|Any CPU
		{EF254BFB-BC84-4696-B784-1A8F17EEE24A}.Debug|Mixed Platforms.Build.0 = Debug|Any CPU
		{EF254BFB-BC84-4696-B784-1A8F17EEE24A}.Debug|x86.ActiveCfg = Debug|Any CPU
		{EF254BFB-BC84-4696-B784-1A8F17EEE24A}.Debug|x86.Build.0 = Debug|Any CPU
		{EF254BFB-BC84-4696-B784-1A8F17EEE24A}.Release|Any CPU.ActiveCfg = Release|Any CPU
		{EF254BFB-BC84-4696-B784-1A8F17EEE24A}.Release|Any CPU.Build.0 = Release|Any CPU
		{EF254BFB-BC84-4696-B784-1A8F17EEE24A}.Release|Mixed Platforms.ActiveCfg = Release|Any CPU
		{EF254BFB-BC84-4696-B784-1A8F17EEE24A}.Release|Mixed Platforms.Build.0 = Release|Any CPU
		{EF254BFB-BC84-4696-B784-1A8F17EEE24A}.Release|x86.ActiveCfg = Release|Any CPU
		{EF254BFB-BC84-4696-B784-1A8F17EEE24A}.Release|x86.Build.0 = Release|Any CPU
		{EE392CDE-C384-4315-B7D6-FCD6562B8585}.Debug|Any CPU.ActiveCfg = Debug|Any CPU
		{EE392CDE-C384-4315-B7D6-FCD6562B8585}.Debug|Any CPU.Build.0 = Debug|Any CPU
		{EE392CDE-C384-4315-B7D6-FCD6562B8585}.Debug|Mixed Platforms.ActiveCfg = Debug|Any CPU
		{EE392CDE-C384-4315-B7D6-FCD6562B8585}.Debug|Mixed Platforms.Build.0 = Debug|Any CPU
		{EE392CDE-C384-4315-B7D6-FCD6562B8585}.Debug|x86.ActiveCfg = Debug|Any CPU
		{EE392CDE-C384-4315-B7D6-FCD6562B8585}.Debug|x86.Build.0 = Debug|Any CPU
		{EE392CDE-C384-4315-B7D6-FCD6562B8585}.Release|Any CPU.ActiveCfg = Release|Any CPU
		{EE392CDE-C384-4315-B7D6-FCD6562B8585}.Release|Any CPU.Build.0 = Release|Any CPU
		{EE392CDE-C384-4315-B7D6-FCD6562B8585}.Release|Mixed Platforms.ActiveCfg = Release|Any CPU
		{EE392CDE-C384-4315-B7D6-FCD6562B8585}.Release|Mixed Platforms.Build.0 = Release|Any CPU
		{EE392CDE-C384-4315-B7D6-FCD6562B8585}.Release|x86.ActiveCfg = Release|Any CPU
		{EE392CDE-C384-4315-B7D6-FCD6562B8585}.Release|x86.Build.0 = Release|Any CPU
	EndGlobalSection
	GlobalSection(SolutionProperties) = preSolution
		HideSolutionNode = FALSE
	EndGlobalSection
	GlobalSection(ExtensibilityGlobals) = postSolution
		SolutionGuid = {84AB5B7D-7307-4174-87C7-7EEE3E2B1E8E}
	EndGlobalSection
EndGlobal
